// !$*UTF8*$!
{
	archiveVersion = 1;
	classes = {
	};
	objectVersion = 46;
	objects = {

/* Begin PBXBuildFile section */
		A00B0AC71A85794E0082564F /* Font.swift in Sources */ = {isa = PBXBuildFile; fileRef = A00B0AC61A85794E0082564F /* Font.swift */; };
		A03487191A85957B00F8D8BF /* tab_home@2x.png in Resources */ = {isa = PBXBuildFile; fileRef = A03487181A85957B00F8D8BF /* tab_home@2x.png */; };
		A034871B1A8595DC00F8D8BF /* tab_users@2x.png in Resources */ = {isa = PBXBuildFile; fileRef = A034871A1A8595DC00F8D8BF /* tab_users@2x.png */; };
		A034871D1A8595E600F8D8BF /* tab_profile@2x.png in Resources */ = {isa = PBXBuildFile; fileRef = A034871C1A8595E600F8D8BF /* tab_profile@2x.png */; };
		A034871F1A8595F200F8D8BF /* tab_post@2x.png in Resources */ = {isa = PBXBuildFile; fileRef = A034871E1A8595F200F8D8BF /* tab_post@2x.png */; };
		A03487211A8595FA00F8D8BF /* tab_messages@2x.png in Resources */ = {isa = PBXBuildFile; fileRef = A03487201A8595FA00F8D8BF /* tab_messages@2x.png */; };
		A058A0E11A83999D001AF804 /* AppDelegate.swift in Sources */ = {isa = PBXBuildFile; fileRef = A058A0E01A83999D001AF804 /* AppDelegate.swift */; };
		A058A0E31A83999D001AF804 /* ViewController.swift in Sources */ = {isa = PBXBuildFile; fileRef = A058A0E21A83999D001AF804 /* ViewController.swift */; };
		A058A0E81A83999D001AF804 /* Images.xcassets in Resources */ = {isa = PBXBuildFile; fileRef = A058A0E71A83999D001AF804 /* Images.xcassets */; };
		A058A0EB1A83999D001AF804 /* LaunchScreen.xib in Resources */ = {isa = PBXBuildFile; fileRef = A058A0E91A83999D001AF804 /* LaunchScreen.xib */; };
		A058A0F71A83999E001AF804 /* SwiftMasterTests.swift in Sources */ = {isa = PBXBuildFile; fileRef = A058A0F61A83999E001AF804 /* SwiftMasterTests.swift */; };
		A058A1041A839DEC001AF804 /* Color.swift in Sources */ = {isa = PBXBuildFile; fileRef = A058A1031A839DEC001AF804 /* Color.swift */; };
		A06274711A846B7B00340B9B /* FontAwesome.swift in Sources */ = {isa = PBXBuildFile; fileRef = A06274701A846B7B00340B9B /* FontAwesome.swift */; };
		A06274761A84808D00340B9B /* PresentingViewController.swift in Sources */ = {isa = PBXBuildFile; fileRef = A06274751A84808D00340B9B /* PresentingViewController.swift */; };
		A06274781A8480DC00340B9B /* PresentedViewController.swift in Sources */ = {isa = PBXBuildFile; fileRef = A06274771A8480DC00340B9B /* PresentedViewController.swift */; };
		A062747B1A8493B000340B9B /* NavigationController.swift in Sources */ = {isa = PBXBuildFile; fileRef = A062747A1A8493B000340B9B /* NavigationController.swift */; };
		A062747E1A84A33400340B9B /* SubViewController.swift in Sources */ = {isa = PBXBuildFile; fileRef = A062747D1A84A33400340B9B /* SubViewController.swift */; };
		A06274831A84A7EE00340B9B /* FirstViewController.swift in Sources */ = {isa = PBXBuildFile; fileRef = A06274821A84A7EE00340B9B /* FirstViewController.swift */; };
		A075F9071A83FFDB00D86FAF /* CollectionViewController.swift in Sources */ = {isa = PBXBuildFile; fileRef = A075F9061A83FFDB00D86FAF /* CollectionViewController.swift */; };
		A075F90A1A8401F400D86FAF /* beach.png in Resources */ = {isa = PBXBuildFile; fileRef = A075F9091A8401F400D86FAF /* beach.png */; };
		A076606D1A850EBC004879B9 /* googleicon.ttf in Resources */ = {isa = PBXBuildFile; fileRef = A076606C1A850EBC004879B9 /* googleicon.ttf */; };
		A076606F1A850F20004879B9 /* GoogleIcon.swift in Sources */ = {isa = PBXBuildFile; fileRef = A076606E1A850F20004879B9 /* GoogleIcon.swift */; };
		A07660711A850FB9004879B9 /* FontAwesome.otf in Resources */ = {isa = PBXBuildFile; fileRef = A07660701A850FB9004879B9 /* FontAwesome.otf */; };
		A08278751A83A13500378C28 /* NavigationBar.swift in Sources */ = {isa = PBXBuildFile; fileRef = A08278741A83A13500378C28 /* NavigationBar.swift */; };
		A08278781A83A1B700378C28 /* Toolbar.swift in Sources */ = {isa = PBXBuildFile; fileRef = A08278771A83A1B700378C28 /* Toolbar.swift */; };
		A082787A1A83A23900378C28 /* Image.swift in Sources */ = {isa = PBXBuildFile; fileRef = A08278791A83A23900378C28 /* Image.swift */; };
		A082787D1A83A29700378C28 /* ImageView.swift in Sources */ = {isa = PBXBuildFile; fileRef = A082787C1A83A29700378C28 /* ImageView.swift */; };
		A08278811A83A72A00378C28 /* Constants.swift in Sources */ = {isa = PBXBuildFile; fileRef = A08278801A83A72A00378C28 /* Constants.swift */; };
		A082788D1A83A99200378C28 /* BlurView.swift in Sources */ = {isa = PBXBuildFile; fileRef = A08278841A83A99200378C28 /* BlurView.swift */; };
		A082788E1A83A99200378C28 /* DesignableButton.swift in Sources */ = {isa = PBXBuildFile; fileRef = A08278851A83A99200378C28 /* DesignableButton.swift */; };
		A082788F1A83A99200378C28 /* DesignableImageView.swift in Sources */ = {isa = PBXBuildFile; fileRef = A08278861A83A99200378C28 /* DesignableImageView.swift */; };
		A08278901A83A99200378C28 /* DesignableLabel.swift in Sources */ = {isa = PBXBuildFile; fileRef = A08278871A83A99200378C28 /* DesignableLabel.swift */; };
		A08278911A83A99200378C28 /* DesignableTabBarController.swift in Sources */ = {isa = PBXBuildFile; fileRef = A08278881A83A99200378C28 /* DesignableTabBarController.swift */; };
		A08278921A83A99200378C28 /* DesignableTextField.swift in Sources */ = {isa = PBXBuildFile; fileRef = A08278891A83A99200378C28 /* DesignableTextField.swift */; };
		A08278931A83A99200378C28 /* DesignableTextView.swift in Sources */ = {isa = PBXBuildFile; fileRef = A082788A1A83A99200378C28 /* DesignableTextView.swift */; };
		A08278941A83A99200378C28 /* DesignableView.swift in Sources */ = {isa = PBXBuildFile; fileRef = A082788B1A83A99200378C28 /* DesignableView.swift */; };
		A08278951A83A99200378C28 /* ImageLoader.swift in Sources */ = {isa = PBXBuildFile; fileRef = A082788C1A83A99200378C28 /* ImageLoader.swift */; };
		A08278981A83A9A000378C28 /* KeyboardLayoutConstraint.swift in Sources */ = {isa = PBXBuildFile; fileRef = A08278961A83A9A000378C28 /* KeyboardLayoutConstraint.swift */; };
		A08278991A83A9A000378C28 /* LoadingView.swift in Sources */ = {isa = PBXBuildFile; fileRef = A08278971A83A9A000378C28 /* LoadingView.swift */; };
		A082789B1A83A9AA00378C28 /* Misc.swift in Sources */ = {isa = PBXBuildFile; fileRef = A082789A1A83A9AA00378C28 /* Misc.swift */; };
		A08278A71A83A9B800378C28 /* Spring.swift in Sources */ = {isa = PBXBuildFile; fileRef = A082789C1A83A9B800378C28 /* Spring.swift */; };
		A08278A81A83A9B800378C28 /* SpringAnimation.swift in Sources */ = {isa = PBXBuildFile; fileRef = A082789D1A83A9B800378C28 /* SpringAnimation.swift */; };
		A08278A91A83A9B800378C28 /* SpringButton.swift in Sources */ = {isa = PBXBuildFile; fileRef = A082789E1A83A9B800378C28 /* SpringButton.swift */; };
		A08278AA1A83A9B800378C28 /* SpringImageView.swift in Sources */ = {isa = PBXBuildFile; fileRef = A082789F1A83A9B800378C28 /* SpringImageView.swift */; };
		A08278AB1A83A9B800378C28 /* SpringLabel.swift in Sources */ = {isa = PBXBuildFile; fileRef = A08278A01A83A9B800378C28 /* SpringLabel.swift */; };
		A08278AC1A83A9B800378C28 /* SpringTextField.swift in Sources */ = {isa = PBXBuildFile; fileRef = A08278A11A83A9B800378C28 /* SpringTextField.swift */; };
		A08278AD1A83A9B800378C28 /* SpringTextView.swift in Sources */ = {isa = PBXBuildFile; fileRef = A08278A21A83A9B800378C28 /* SpringTextView.swift */; };
		A08278AE1A83A9B800378C28 /* SpringView.swift in Sources */ = {isa = PBXBuildFile; fileRef = A08278A31A83A9B800378C28 /* SpringView.swift */; };
		A08278AF1A83A9B800378C28 /* TransitionManager.swift in Sources */ = {isa = PBXBuildFile; fileRef = A08278A41A83A9B800378C28 /* TransitionManager.swift */; };
		A08278B01A83A9B800378C28 /* TransitionZoom.swift in Sources */ = {isa = PBXBuildFile; fileRef = A08278A51A83A9B800378C28 /* TransitionZoom.swift */; };
		A08278B11A83A9B800378C28 /* UnwindSegue.swift in Sources */ = {isa = PBXBuildFile; fileRef = A08278A61A83A9B800378C28 /* UnwindSegue.swift */; };
		A0C8BAC31A84383700808E7F /* CollectionViewCell.swift in Sources */ = {isa = PBXBuildFile; fileRef = A0C8BAC21A84383700808E7F /* CollectionViewCell.swift */; };
		A0FB8F6B1A853E2900167F36 /* PageMenu.swift in Sources */ = {isa = PBXBuildFile; fileRef = A0FB8F6A1A853E2900167F36 /* PageMenu.swift */; };
		A0FB8F6D1A85511B00167F36 /* SecondViewController.swift in Sources */ = {isa = PBXBuildFile; fileRef = A0FB8F6C1A85511B00167F36 /* SecondViewController.swift */; };
		A0FB8F6F1A85514700167F36 /* ThirdViewController.swift in Sources */ = {isa = PBXBuildFile; fileRef = A0FB8F6E1A85514700167F36 /* ThirdViewController.swift */; };
		A0FB8F711A85523200167F36 /* list_blue_tab.png in Resources */ = {isa = PBXBuildFile; fileRef = A0FB8F701A85523200167F36 /* list_blue_tab.png */; };
		A0FB8F731A8554F300167F36 /* ForthViewController.swift in Sources */ = {isa = PBXBuildFile; fileRef = A0FB8F721A8554F300167F36 /* ForthViewController.swift */; };
		A0FB8F751A85550900167F36 /* FifthViewController.swift in Sources */ = {isa = PBXBuildFile; fileRef = A0FB8F741A85550900167F36 /* FifthViewController.swift */; };
/* End PBXBuildFile section */

/* Begin PBXContainerItemProxy section */
		A058A0F11A83999E001AF804 /* PBXContainerItemProxy */ = {
			isa = PBXContainerItemProxy;
			containerPortal = A058A0D31A83999D001AF804 /* Project object */;
			proxyType = 1;
			remoteGlobalIDString = A058A0DA1A83999D001AF804;
			remoteInfo = SwiftMaster;
		};
/* End PBXContainerItemProxy section */

/* Begin PBXFileReference section */
		A00B0AC61A85794E0082564F /* Font.swift */ = {isa = PBXFileReference; fileEncoding = 4; lastKnownFileType = sourcecode.swift; path = Font.swift; sourceTree = "<group>"; };
		A03487181A85957B00F8D8BF /* tab_home@2x.png */ = {isa = PBXFileReference; lastKnownFileType = image.png; path = "tab_home@2x.png"; sourceTree = "<group>"; };
		A034871A1A8595DC00F8D8BF /* tab_users@2x.png */ = {isa = PBXFileReference; lastKnownFileType = image.png; path = "tab_users@2x.png"; sourceTree = "<group>"; };
		A034871C1A8595E600F8D8BF /* tab_profile@2x.png */ = {isa = PBXFileReference; lastKnownFileType = image.png; path = "tab_profile@2x.png"; sourceTree = "<group>"; };
		A034871E1A8595F200F8D8BF /* tab_post@2x.png */ = {isa = PBXFileReference; lastKnownFileType = image.png; path = "tab_post@2x.png"; sourceTree = "<group>"; };
		A03487201A8595FA00F8D8BF /* tab_messages@2x.png */ = {isa = PBXFileReference; lastKnownFileType = image.png; path = "tab_messages@2x.png"; sourceTree = "<group>"; };
		A058A0DB1A83999D001AF804 /* SwiftMaster.app */ = {isa = PBXFileReference; explicitFileType = wrapper.application; includeInIndex = 0; path = SwiftMaster.app; sourceTree = BUILT_PRODUCTS_DIR; };
		A058A0DF1A83999D001AF804 /* Info.plist */ = {isa = PBXFileReference; lastKnownFileType = text.plist.xml; path = Info.plist; sourceTree = "<group>"; };
		A058A0E01A83999D001AF804 /* AppDelegate.swift */ = {isa = PBXFileReference; lastKnownFileType = sourcecode.swift; path = AppDelegate.swift; sourceTree = "<group>"; };
		A058A0E21A83999D001AF804 /* ViewController.swift */ = {isa = PBXFileReference; lastKnownFileType = sourcecode.swift; path = ViewController.swift; sourceTree = "<group>"; };
		A058A0E71A83999D001AF804 /* Images.xcassets */ = {isa = PBXFileReference; lastKnownFileType = folder.assetcatalog; path = Images.xcassets; sourceTree = "<group>"; };
		A058A0EA1A83999D001AF804 /* Base */ = {isa = PBXFileReference; lastKnownFileType = file.xib; name = Base; path = Base.lproj/LaunchScreen.xib; sourceTree = "<group>"; };
		A058A0F01A83999E001AF804 /* SwiftMasterTests.xctest */ = {isa = PBXFileReference; explicitFileType = wrapper.cfbundle; includeInIndex = 0; path = SwiftMasterTests.xctest; sourceTree = BUILT_PRODUCTS_DIR; };
		A058A0F51A83999E001AF804 /* Info.plist */ = {isa = PBXFileReference; lastKnownFileType = text.plist.xml; path = Info.plist; sourceTree = "<group>"; };
		A058A0F61A83999E001AF804 /* SwiftMasterTests.swift */ = {isa = PBXFileReference; lastKnownFileType = sourcecode.swift; path = SwiftMasterTests.swift; sourceTree = "<group>"; };
		A058A1031A839DEC001AF804 /* Color.swift */ = {isa = PBXFileReference; fileEncoding = 4; lastKnownFileType = sourcecode.swift; path = Color.swift; sourceTree = "<group>"; };
		A06274701A846B7B00340B9B /* FontAwesome.swift */ = {isa = PBXFileReference; fileEncoding = 4; lastKnownFileType = sourcecode.swift; path = FontAwesome.swift; sourceTree = "<group>"; };
		A06274751A84808D00340B9B /* PresentingViewController.swift */ = {isa = PBXFileReference; fileEncoding = 4; lastKnownFileType = sourcecode.swift; path = PresentingViewController.swift; sourceTree = "<group>"; };
		A06274771A8480DC00340B9B /* PresentedViewController.swift */ = {isa = PBXFileReference; fileEncoding = 4; lastKnownFileType = sourcecode.swift; path = PresentedViewController.swift; sourceTree = "<group>"; };
		A062747A1A8493B000340B9B /* NavigationController.swift */ = {isa = PBXFileReference; fileEncoding = 4; lastKnownFileType = sourcecode.swift; path = NavigationController.swift; sourceTree = "<group>"; };
		A062747D1A84A33400340B9B /* SubViewController.swift */ = {isa = PBXFileReference; fileEncoding = 4; lastKnownFileType = sourcecode.swift; path = SubViewController.swift; sourceTree = "<group>"; };
		A06274821A84A7EE00340B9B /* FirstViewController.swift */ = {isa = PBXFileReference; fileEncoding = 4; lastKnownFileType = sourcecode.swift; path = FirstViewController.swift; sourceTree = "<group>"; };
		A075F9061A83FFDB00D86FAF /* CollectionViewController.swift */ = {isa = PBXFileReference; fileEncoding = 4; lastKnownFileType = sourcecode.swift; path = CollectionViewController.swift; sourceTree = "<group>"; };
		A075F9091A8401F400D86FAF /* beach.png */ = {isa = PBXFileReference; lastKnownFileType = image.png; path = beach.png; sourceTree = "<group>"; };
		A076606C1A850EBC004879B9 /* googleicon.ttf */ = {isa = PBXFileReference; lastKnownFileType = file; path = googleicon.ttf; sourceTree = "<group>"; };
		A076606E1A850F20004879B9 /* GoogleIcon.swift */ = {isa = PBXFileReference; fileEncoding = 4; lastKnownFileType = sourcecode.swift; path = GoogleIcon.swift; sourceTree = "<group>"; };
		A07660701A850FB9004879B9 /* FontAwesome.otf */ = {isa = PBXFileReference; lastKnownFileType = file; path = FontAwesome.otf; sourceTree = "<group>"; };
		A08278741A83A13500378C28 /* NavigationBar.swift */ = {isa = PBXFileReference; fileEncoding = 4; lastKnownFileType = sourcecode.swift; path = NavigationBar.swift; sourceTree = "<group>"; };
		A08278771A83A1B700378C28 /* Toolbar.swift */ = {isa = PBXFileReference; fileEncoding = 4; lastKnownFileType = sourcecode.swift; path = Toolbar.swift; sourceTree = "<group>"; };
		A08278791A83A23900378C28 /* Image.swift */ = {isa = PBXFileReference; fileEncoding = 4; lastKnownFileType = sourcecode.swift; path = Image.swift; sourceTree = "<group>"; };
		A082787C1A83A29700378C28 /* ImageView.swift */ = {isa = PBXFileReference; fileEncoding = 4; lastKnownFileType = sourcecode.swift; path = ImageView.swift; sourceTree = "<group>"; };
		A082787E1A83A37100378C28 /* SwiftMaster.playground */ = {isa = PBXFileReference; lastKnownFileType = file.playground; path = SwiftMaster.playground; sourceTree = "<group>"; };
		A08278801A83A72A00378C28 /* Constants.swift */ = {isa = PBXFileReference; fileEncoding = 4; lastKnownFileType = sourcecode.swift; path = Constants.swift; sourceTree = "<group>"; };
		A08278841A83A99200378C28 /* BlurView.swift */ = {isa = PBXFileReference; fileEncoding = 4; lastKnownFileType = sourcecode.swift; path = BlurView.swift; sourceTree = "<group>"; };
		A08278851A83A99200378C28 /* DesignableButton.swift */ = {isa = PBXFileReference; fileEncoding = 4; lastKnownFileType = sourcecode.swift; path = DesignableButton.swift; sourceTree = "<group>"; };
		A08278861A83A99200378C28 /* DesignableImageView.swift */ = {isa = PBXFileReference; fileEncoding = 4; lastKnownFileType = sourcecode.swift; path = DesignableImageView.swift; sourceTree = "<group>"; };
		A08278871A83A99200378C28 /* DesignableLabel.swift */ = {isa = PBXFileReference; fileEncoding = 4; lastKnownFileType = sourcecode.swift; path = DesignableLabel.swift; sourceTree = "<group>"; };
		A08278881A83A99200378C28 /* DesignableTabBarController.swift */ = {isa = PBXFileReference; fileEncoding = 4; lastKnownFileType = sourcecode.swift; path = DesignableTabBarController.swift; sourceTree = "<group>"; };
		A08278891A83A99200378C28 /* DesignableTextField.swift */ = {isa = PBXFileReference; fileEncoding = 4; lastKnownFileType = sourcecode.swift; path = DesignableTextField.swift; sourceTree = "<group>"; };
		A082788A1A83A99200378C28 /* DesignableTextView.swift */ = {isa = PBXFileReference; fileEncoding = 4; lastKnownFileType = sourcecode.swift; path = DesignableTextView.swift; sourceTree = "<group>"; };
		A082788B1A83A99200378C28 /* DesignableView.swift */ = {isa = PBXFileReference; fileEncoding = 4; lastKnownFileType = sourcecode.swift; path = DesignableView.swift; sourceTree = "<group>"; };
		A082788C1A83A99200378C28 /* ImageLoader.swift */ = {isa = PBXFileReference; fileEncoding = 4; lastKnownFileType = sourcecode.swift; path = ImageLoader.swift; sourceTree = "<group>"; };
		A08278961A83A9A000378C28 /* KeyboardLayoutConstraint.swift */ = {isa = PBXFileReference; fileEncoding = 4; lastKnownFileType = sourcecode.swift; path = KeyboardLayoutConstraint.swift; sourceTree = "<group>"; };
		A08278971A83A9A000378C28 /* LoadingView.swift */ = {isa = PBXFileReference; fileEncoding = 4; lastKnownFileType = sourcecode.swift; path = LoadingView.swift; sourceTree = "<group>"; };
		A082789A1A83A9AA00378C28 /* Misc.swift */ = {isa = PBXFileReference; fileEncoding = 4; lastKnownFileType = sourcecode.swift; path = Misc.swift; sourceTree = "<group>"; };
		A082789C1A83A9B800378C28 /* Spring.swift */ = {isa = PBXFileReference; fileEncoding = 4; lastKnownFileType = sourcecode.swift; path = Spring.swift; sourceTree = "<group>"; };
		A082789D1A83A9B800378C28 /* SpringAnimation.swift */ = {isa = PBXFileReference; fileEncoding = 4; lastKnownFileType = sourcecode.swift; path = SpringAnimation.swift; sourceTree = "<group>"; };
		A082789E1A83A9B800378C28 /* SpringButton.swift */ = {isa = PBXFileReference; fileEncoding = 4; lastKnownFileType = sourcecode.swift; path = SpringButton.swift; sourceTree = "<group>"; };
		A082789F1A83A9B800378C28 /* SpringImageView.swift */ = {isa = PBXFileReference; fileEncoding = 4; lastKnownFileType = sourcecode.swift; path = SpringImageView.swift; sourceTree = "<group>"; };
		A08278A01A83A9B800378C28 /* SpringLabel.swift */ = {isa = PBXFileReference; fileEncoding = 4; lastKnownFileType = sourcecode.swift; path = SpringLabel.swift; sourceTree = "<group>"; };
		A08278A11A83A9B800378C28 /* SpringTextField.swift */ = {isa = PBXFileReference; fileEncoding = 4; lastKnownFileType = sourcecode.swift; path = SpringTextField.swift; sourceTree = "<group>"; };
		A08278A21A83A9B800378C28 /* SpringTextView.swift */ = {isa = PBXFileReference; fileEncoding = 4; lastKnownFileType = sourcecode.swift; path = SpringTextView.swift; sourceTree = "<group>"; };
		A08278A31A83A9B800378C28 /* SpringView.swift */ = {isa = PBXFileReference; fileEncoding = 4; lastKnownFileType = sourcecode.swift; path = SpringView.swift; sourceTree = "<group>"; };
		A08278A41A83A9B800378C28 /* TransitionManager.swift */ = {isa = PBXFileReference; fileEncoding = 4; lastKnownFileType = sourcecode.swift; path = TransitionManager.swift; sourceTree = "<group>"; };
		A08278A51A83A9B800378C28 /* TransitionZoom.swift */ = {isa = PBXFileReference; fileEncoding = 4; lastKnownFileType = sourcecode.swift; path = TransitionZoom.swift; sourceTree = "<group>"; };
		A08278A61A83A9B800378C28 /* UnwindSegue.swift */ = {isa = PBXFileReference; fileEncoding = 4; lastKnownFileType = sourcecode.swift; path = UnwindSegue.swift; sourceTree = "<group>"; };
		A0C8BAC21A84383700808E7F /* CollectionViewCell.swift */ = {isa = PBXFileReference; fileEncoding = 4; lastKnownFileType = sourcecode.swift; path = CollectionViewCell.swift; sourceTree = "<group>"; };
		A0FB8F6A1A853E2900167F36 /* PageMenu.swift */ = {isa = PBXFileReference; fileEncoding = 4; lastKnownFileType = sourcecode.swift; path = PageMenu.swift; sourceTree = "<group>"; };
		A0FB8F6C1A85511B00167F36 /* SecondViewController.swift */ = {isa = PBXFileReference; fileEncoding = 4; lastKnownFileType = sourcecode.swift; path = SecondViewController.swift; sourceTree = "<group>"; };
		A0FB8F6E1A85514700167F36 /* ThirdViewController.swift */ = {isa = PBXFileReference; fileEncoding = 4; lastKnownFileType = sourcecode.swift; path = ThirdViewController.swift; sourceTree = "<group>"; };
		A0FB8F701A85523200167F36 /* list_blue_tab.png */ = {isa = PBXFileReference; lastKnownFileType = image.png; path = list_blue_tab.png; sourceTree = "<group>"; };
		A0FB8F721A8554F300167F36 /* ForthViewController.swift */ = {isa = PBXFileReference; fileEncoding = 4; lastKnownFileType = sourcecode.swift; path = ForthViewController.swift; sourceTree = "<group>"; };
		A0FB8F741A85550900167F36 /* FifthViewController.swift */ = {isa = PBXFileReference; fileEncoding = 4; lastKnownFileType = sourcecode.swift; path = FifthViewController.swift; sourceTree = "<group>"; };
/* End PBXFileReference section */

/* Begin PBXFrameworksBuildPhase section */
		A058A0D81A83999D001AF804 /* Frameworks */ = {
			isa = PBXFrameworksBuildPhase;
			buildActionMask = 2147483647;
			files = (
			);
			runOnlyForDeploymentPostprocessing = 0;
		};
		A058A0ED1A83999E001AF804 /* Frameworks */ = {
			isa = PBXFrameworksBuildPhase;
			buildActionMask = 2147483647;
			files = (
			);
			runOnlyForDeploymentPostprocessing = 0;
		};
/* End PBXFrameworksBuildPhase section */

/* Begin PBXGroup section */
		A058A0D21A83999D001AF804 = {
			isa = PBXGroup;
			children = (
				A082787E1A83A37100378C28 /* SwiftMaster.playground */,
				A058A0DD1A83999D001AF804 /* SwiftMaster */,
				A058A0F31A83999E001AF804 /* SwiftMasterTests */,
				A058A0DC1A83999D001AF804 /* Products */,
			);
			sourceTree = "<group>";
		};
		A058A0DC1A83999D001AF804 /* Products */ = {
			isa = PBXGroup;
			children = (
				A058A0DB1A83999D001AF804 /* SwiftMaster.app */,
				A058A0F01A83999E001AF804 /* SwiftMasterTests.xctest */,
			);
			name = Products;
			sourceTree = "<group>";
		};
		A058A0DD1A83999D001AF804 /* SwiftMaster */ = {
			isa = PBXGroup;
			children = (
				A075F9081A8401D200D86FAF /* Resources */,
				A082787F1A83A71A00378C28 /* Utilities */,
				A058A1021A839D1B001AF804 /* Extensions */,
				A058A1001A839CFE001AF804 /* Classes */,
				A058A0E01A83999D001AF804 /* AppDelegate.swift */,
				A058A0E71A83999D001AF804 /* Images.xcassets */,
				A058A0E91A83999D001AF804 /* LaunchScreen.xib */,
				A058A0DE1A83999D001AF804 /* Supporting Files */,
			);
			path = SwiftMaster;
			sourceTree = "<group>";
		};
		A058A0DE1A83999D001AF804 /* Supporting Files */ = {
			isa = PBXGroup;
			children = (
				A058A0DF1A83999D001AF804 /* Info.plist */,
			);
			name = "Supporting Files";
			sourceTree = "<group>";
		};
		A058A0F31A83999E001AF804 /* SwiftMasterTests */ = {
			isa = PBXGroup;
			children = (
				A058A0F61A83999E001AF804 /* SwiftMasterTests.swift */,
				A058A0F41A83999E001AF804 /* Supporting Files */,
			);
			path = SwiftMasterTests;
			sourceTree = "<group>";
		};
		A058A0F41A83999E001AF804 /* Supporting Files */ = {
			isa = PBXGroup;
			children = (
				A058A0F51A83999E001AF804 /* Info.plist */,
			);
			name = "Supporting Files";
			sourceTree = "<group>";
		};
		A058A1001A839CFE001AF804 /* Classes */ = {
			isa = PBXGroup;
			children = (
				A0FB8F691A853DD500167F36 /* PageMenuViewController */,
				A06274791A84937500340B9B /* NavigationControllers */,
				A062746F1A846AD100340B9B /* Icons */,
				A0FB8F661A84496E00167F36 /* Layouts */,
				A0FB8F631A84469D00167F36 /* Views */,
				A0C8BAC41A84389700808E7F /* ViewControllers */,
				A0C8BAC11A84381200808E7F /* Cells */,
				A08278821A83A8DD00378C28 /* Vendor */,
			);
			name = Classes;
			sourceTree = "<group>";
		};
		A058A1021A839D1B001AF804 /* Extensions */ = {
			isa = PBXGroup;
			children = (
				A082787B1A83A28700378C28 /* Views */,
				A08278761A83A18700378C28 /* UI */,
			);
			name = Extensions;
			sourceTree = "<group>";
		};
		A062746F1A846AD100340B9B /* Icons */ = {
			isa = PBXGroup;
			children = (
				A076606E1A850F20004879B9 /* GoogleIcon.swift */,
				A06274701A846B7B00340B9B /* FontAwesome.swift */,
			);
			name = Icons;
			sourceTree = "<group>";
		};
		A06274741A84801C00340B9B /* ModalViewController */ = {
			isa = PBXGroup;
			children = (
				A06274751A84808D00340B9B /* PresentingViewController.swift */,
				A06274771A8480DC00340B9B /* PresentedViewController.swift */,
			);
			name = ModalViewController;
			sourceTree = "<group>";
		};
		A06274791A84937500340B9B /* NavigationControllers */ = {
			isa = PBXGroup;
			children = (
				A062747A1A8493B000340B9B /* NavigationController.swift */,
			);
			name = NavigationControllers;
			sourceTree = "<group>";
		};
		A062747C1A84A10500340B9B /* TabBarController */ = {
			isa = PBXGroup;
			children = (
				A062747F1A84A3E700340B9B /* TabViews */,
				A062747D1A84A33400340B9B /* SubViewController.swift */,
			);
			name = TabBarController;
			sourceTree = "<group>";
		};
		A062747F1A84A3E700340B9B /* TabViews */ = {
			isa = PBXGroup;
			children = (
				A06274821A84A7EE00340B9B /* FirstViewController.swift */,
				A0FB8F6C1A85511B00167F36 /* SecondViewController.swift */,
				A0FB8F6E1A85514700167F36 /* ThirdViewController.swift */,
				A0FB8F721A8554F300167F36 /* ForthViewController.swift */,
				A0FB8F741A85550900167F36 /* FifthViewController.swift */,
			);
			name = TabViews;
			sourceTree = "<group>";
		};
		A075F9081A8401D200D86FAF /* Resources */ = {
			isa = PBXGroup;
			children = (
				A03487201A8595FA00F8D8BF /* tab_messages@2x.png */,
				A034871E1A8595F200F8D8BF /* tab_post@2x.png */,
				A034871C1A8595E600F8D8BF /* tab_profile@2x.png */,
				A034871A1A8595DC00F8D8BF /* tab_users@2x.png */,
				A03487181A85957B00F8D8BF /* tab_home@2x.png */,
				A0FB8F701A85523200167F36 /* list_blue_tab.png */,
				A07660701A850FB9004879B9 /* FontAwesome.otf */,
				A076606C1A850EBC004879B9 /* googleicon.ttf */,
				A075F9091A8401F400D86FAF /* beach.png */,
			);
			name = Resources;
			sourceTree = "<group>";
		};
		A08278761A83A18700378C28 /* UI */ = {
			isa = PBXGroup;
			children = (
				A00B0AC61A85794E0082564F /* Font.swift */,
				A058A1031A839DEC001AF804 /* Color.swift */,
				A08278741A83A13500378C28 /* NavigationBar.swift */,
				A08278771A83A1B700378C28 /* Toolbar.swift */,
				A08278791A83A23900378C28 /* Image.swift */,
			);
			name = UI;
			sourceTree = "<group>";
		};
		A082787B1A83A28700378C28 /* Views */ = {
			isa = PBXGroup;
			children = (
				A082787C1A83A29700378C28 /* ImageView.swift */,
			);
			name = Views;
			sourceTree = "<group>";
		};
		A082787F1A83A71A00378C28 /* Utilities */ = {
			isa = PBXGroup;
			children = (
				A08278801A83A72A00378C28 /* Constants.swift */,
			);
			name = Utilities;
			sourceTree = "<group>";
		};
		A08278821A83A8DD00378C28 /* Vendor */ = {
			isa = PBXGroup;
			children = (
				A08278831A83A8E500378C28 /* Spring */,
			);
			name = Vendor;
			sourceTree = "<group>";
		};
		A08278831A83A8E500378C28 /* Spring */ = {
			isa = PBXGroup;
			children = (
				A082789C1A83A9B800378C28 /* Spring.swift */,
				A082789D1A83A9B800378C28 /* SpringAnimation.swift */,
				A082789E1A83A9B800378C28 /* SpringButton.swift */,
				A082789F1A83A9B800378C28 /* SpringImageView.swift */,
				A08278A01A83A9B800378C28 /* SpringLabel.swift */,
				A08278A11A83A9B800378C28 /* SpringTextField.swift */,
				A08278A21A83A9B800378C28 /* SpringTextView.swift */,
				A08278A31A83A9B800378C28 /* SpringView.swift */,
				A08278A41A83A9B800378C28 /* TransitionManager.swift */,
				A08278A51A83A9B800378C28 /* TransitionZoom.swift */,
				A08278A61A83A9B800378C28 /* UnwindSegue.swift */,
				A082789A1A83A9AA00378C28 /* Misc.swift */,
				A08278961A83A9A000378C28 /* KeyboardLayoutConstraint.swift */,
				A08278971A83A9A000378C28 /* LoadingView.swift */,
				A08278841A83A99200378C28 /* BlurView.swift */,
				A08278851A83A99200378C28 /* DesignableButton.swift */,
				A08278861A83A99200378C28 /* DesignableImageView.swift */,
				A08278871A83A99200378C28 /* DesignableLabel.swift */,
				A08278881A83A99200378C28 /* DesignableTabBarController.swift */,
				A08278891A83A99200378C28 /* DesignableTextField.swift */,
				A082788A1A83A99200378C28 /* DesignableTextView.swift */,
				A082788B1A83A99200378C28 /* DesignableView.swift */,
				A082788C1A83A99200378C28 /* ImageLoader.swift */,
			);
			name = Spring;
			sourceTree = "<group>";
		};
		A0C8BAC11A84381200808E7F /* Cells */ = {
			isa = PBXGroup;
			children = (
				A0C8BAC21A84383700808E7F /* CollectionViewCell.swift */,
			);
			name = Cells;
			sourceTree = "<group>";
		};
		A0C8BAC41A84389700808E7F /* ViewControllers */ = {
			isa = PBXGroup;
			children = (
				A062747C1A84A10500340B9B /* TabBarController */,
				A06274741A84801C00340B9B /* ModalViewController */,
				A058A0E21A83999D001AF804 /* ViewController.swift */,
				A075F9061A83FFDB00D86FAF /* CollectionViewController.swift */,
			);
			name = ViewControllers;
			sourceTree = "<group>";
		};
		A0FB8F631A84469D00167F36 /* Views */ = {
			isa = PBXGroup;
			children = (
			);
			name = Views;
			sourceTree = "<group>";
		};
		A0FB8F661A84496E00167F36 /* Layouts */ = {
			isa = PBXGroup;
			children = (
			);
			name = Layouts;
			sourceTree = "<group>";
		};
		A0FB8F691A853DD500167F36 /* PageMenuViewController */ = {
			isa = PBXGroup;
			children = (
				A0FB8F6A1A853E2900167F36 /* PageMenu.swift */,
			);
			name = PageMenuViewController;
			sourceTree = "<group>";
		};
/* End PBXGroup section */

/* Begin PBXNativeTarget section */
		A058A0DA1A83999D001AF804 /* SwiftMaster */ = {
			isa = PBXNativeTarget;
			buildConfigurationList = A058A0FA1A83999E001AF804 /* Build configuration list for PBXNativeTarget "SwiftMaster" */;
			buildPhases = (
				A058A0D71A83999D001AF804 /* Sources */,
				A058A0D81A83999D001AF804 /* Frameworks */,
				A058A0D91A83999D001AF804 /* Resources */,
			);
			buildRules = (
			);
			dependencies = (
			);
			name = SwiftMaster;
			productName = SwiftMaster;
			productReference = A058A0DB1A83999D001AF804 /* SwiftMaster.app */;
			productType = "com.apple.product-type.application";
		};
		A058A0EF1A83999E001AF804 /* SwiftMasterTests */ = {
			isa = PBXNativeTarget;
			buildConfigurationList = A058A0FD1A83999E001AF804 /* Build configuration list for PBXNativeTarget "SwiftMasterTests" */;
			buildPhases = (
				A058A0EC1A83999E001AF804 /* Sources */,
				A058A0ED1A83999E001AF804 /* Frameworks */,
				A058A0EE1A83999E001AF804 /* Resources */,
			);
			buildRules = (
			);
			dependencies = (
				A058A0F21A83999E001AF804 /* PBXTargetDependency */,
			);
			name = SwiftMasterTests;
			productName = SwiftMasterTests;
			productReference = A058A0F01A83999E001AF804 /* SwiftMasterTests.xctest */;
			productType = "com.apple.product-type.bundle.unit-test";
		};
/* End PBXNativeTarget section */

/* Begin PBXProject section */
		A058A0D31A83999D001AF804 /* Project object */ = {
			isa = PBXProject;
			attributes = {
				LastUpgradeCheck = 0610;
				ORGANIZATIONNAME = jlynch.co;
				TargetAttributes = {
					A058A0DA1A83999D001AF804 = {
						CreatedOnToolsVersion = 6.1.1;
						DevelopmentTeam = D27NETEY96;
					};
					A058A0EF1A83999E001AF804 = {
						CreatedOnToolsVersion = 6.1.1;
						TestTargetID = A058A0DA1A83999D001AF804;
					};
				};
			};
			buildConfigurationList = A058A0D61A83999D001AF804 /* Build configuration list for PBXProject "SwiftMaster" */;
			compatibilityVersion = "Xcode 3.2";
			developmentRegion = English;
			hasScannedForEncodings = 0;
			knownRegions = (
				en,
				Base,
			);
			mainGroup = A058A0D21A83999D001AF804;
			productRefGroup = A058A0DC1A83999D001AF804 /* Products */;
			projectDirPath = "";
			projectRoot = "";
			targets = (
				A058A0DA1A83999D001AF804 /* SwiftMaster */,
				A058A0EF1A83999E001AF804 /* SwiftMasterTests */,
			);
		};
/* End PBXProject section */

/* Begin PBXResourcesBuildPhase section */
		A058A0D91A83999D001AF804 /* Resources */ = {
			isa = PBXResourcesBuildPhase;
			buildActionMask = 2147483647;
			files = (
				A076606D1A850EBC004879B9 /* googleicon.ttf in Resources */,
				A07660711A850FB9004879B9 /* FontAwesome.otf in Resources */,
				A058A0EB1A83999D001AF804 /* LaunchScreen.xib in Resources */,
				A058A0E81A83999D001AF804 /* Images.xcassets in Resources */,
				A03487211A8595FA00F8D8BF /* tab_messages@2x.png in Resources */,
				A075F90A1A8401F400D86FAF /* beach.png in Resources */,
				A034871B1A8595DC00F8D8BF /* tab_users@2x.png in Resources */,
				A0FB8F711A85523200167F36 /* list_blue_tab.png in Resources */,
				A03487191A85957B00F8D8BF /* tab_home@2x.png in Resources */,
				A034871F1A8595F200F8D8BF /* tab_post@2x.png in Resources */,
				A034871D1A8595E600F8D8BF /* tab_profile@2x.png in Resources */,
			);
			runOnlyForDeploymentPostprocessing = 0;
		};
		A058A0EE1A83999E001AF804 /* Resources */ = {
			isa = PBXResourcesBuildPhase;
			buildActionMask = 2147483647;
			files = (
			);
			runOnlyForDeploymentPostprocessing = 0;
		};
/* End PBXResourcesBuildPhase section */

/* Begin PBXSourcesBuildPhase section */
		A058A0D71A83999D001AF804 /* Sources */ = {
			isa = PBXSourcesBuildPhase;
			buildActionMask = 2147483647;
			files = (
				A0FB8F751A85550900167F36 /* FifthViewController.swift in Sources */,
				A058A0E31A83999D001AF804 /* ViewController.swift in Sources */,
				A082788F1A83A99200378C28 /* DesignableImageView.swift in Sources */,
				A082787A1A83A23900378C28 /* Image.swift in Sources */,
				A08278AD1A83A9B800378C28 /* SpringTextView.swift in Sources */,
				A075F9071A83FFDB00D86FAF /* CollectionViewController.swift in Sources */,
				A06274781A8480DC00340B9B /* PresentedViewController.swift in Sources */,
				A0FB8F6B1A853E2900167F36 /* PageMenu.swift in Sources */,
				A08278921A83A99200378C28 /* DesignableTextField.swift in Sources */,
				A058A0E11A83999D001AF804 /* AppDelegate.swift in Sources */,
				A08278B11A83A9B800378C28 /* UnwindSegue.swift in Sources */,
				A08278AB1A83A9B800378C28 /* SpringLabel.swift in Sources */,
				A0C8BAC31A84383700808E7F /* CollectionViewCell.swift in Sources */,
				A08278981A83A9A000378C28 /* KeyboardLayoutConstraint.swift in Sources */,
				A082788E1A83A99200378C28 /* DesignableButton.swift in Sources */,
				A0FB8F6D1A85511B00167F36 /* SecondViewController.swift in Sources */,
				A08278A81A83A9B800378C28 /* SpringAnimation.swift in Sources */,
				A06274761A84808D00340B9B /* PresentingViewController.swift in Sources */,
				A08278781A83A1B700378C28 /* Toolbar.swift in Sources */,
				A08278AC1A83A9B800378C28 /* SpringTextField.swift in Sources */,
				A076606F1A850F20004879B9 /* GoogleIcon.swift in Sources */,
				A058A1041A839DEC001AF804 /* Color.swift in Sources */,
				A08278941A83A99200378C28 /* DesignableView.swift in Sources */,
				A082788D1A83A99200378C28 /* BlurView.swift in Sources */,
				A06274831A84A7EE00340B9B /* FirstViewController.swift in Sources */,
				A082787D1A83A29700378C28 /* ImageView.swift in Sources */,
				A00B0AC71A85794E0082564F /* Font.swift in Sources */,
				A08278951A83A99200378C28 /* ImageLoader.swift in Sources */,
				A06274711A846B7B00340B9B /* FontAwesome.swift in Sources */,
				A08278AE1A83A9B800378C28 /* SpringView.swift in Sources */,
				A062747B1A8493B000340B9B /* NavigationController.swift in Sources */,
				A0FB8F6F1A85514700167F36 /* ThirdViewController.swift in Sources */,
				A082789B1A83A9AA00378C28 /* Misc.swift in Sources */,
				A08278911A83A99200378C28 /* DesignableTabBarController.swift in Sources */,
				A08278751A83A13500378C28 /* NavigationBar.swift in Sources */,
				A08278B01A83A9B800378C28 /* TransitionZoom.swift in Sources */,
				A0FB8F731A8554F300167F36 /* ForthViewController.swift in Sources */,
				A062747E1A84A33400340B9B /* SubViewController.swift in Sources */,
				A08278AA1A83A9B800378C28 /* SpringImageView.swift in Sources */,
				A08278A91A83A9B800378C28 /* SpringButton.swift in Sources */,
				A08278931A83A99200378C28 /* DesignableTextView.swift in Sources */,
				A08278901A83A99200378C28 /* DesignableLabel.swift in Sources */,
				A08278AF1A83A9B800378C28 /* TransitionManager.swift in Sources */,
				A08278991A83A9A000378C28 /* LoadingView.swift in Sources */,
				A08278811A83A72A00378C28 /* Constants.swift in Sources */,
				A08278A71A83A9B800378C28 /* Spring.swift in Sources */,
			);
			runOnlyForDeploymentPostprocessing = 0;
		};
		A058A0EC1A83999E001AF804 /* Sources */ = {
			isa = PBXSourcesBuildPhase;
			buildActionMask = 2147483647;
			files = (
				A058A0F71A83999E001AF804 /* SwiftMasterTests.swift in Sources */,
			);
			runOnlyForDeploymentPostprocessing = 0;
		};
/* End PBXSourcesBuildPhase section */

/* Begin PBXTargetDependency section */
		A058A0F21A83999E001AF804 /* PBXTargetDependency */ = {
			isa = PBXTargetDependency;
			target = A058A0DA1A83999D001AF804 /* SwiftMaster */;
			targetProxy = A058A0F11A83999E001AF804 /* PBXContainerItemProxy */;
		};
/* End PBXTargetDependency section */

/* Begin PBXVariantGroup section */
		A058A0E91A83999D001AF804 /* LaunchScreen.xib */ = {
			isa = PBXVariantGroup;
			children = (
				A058A0EA1A83999D001AF804 /* Base */,
			);
			name = LaunchScreen.xib;
			sourceTree = "<group>";
		};
/* End PBXVariantGroup section */

/* Begin XCBuildConfiguration section */
		A058A0F81A83999E001AF804 /* Debug */ = {
			isa = XCBuildConfiguration;
			buildSettings = {
				ALWAYS_SEARCH_USER_PATHS = NO;
				CLANG_CXX_LANGUAGE_STANDARD = "gnu++0x";
				CLANG_CXX_LIBRARY = "libc++";
				CLANG_ENABLE_MODULES = YES;
				CLANG_ENABLE_OBJC_ARC = YES;
				CLANG_WARN_BOOL_CONVERSION = YES;
				CLANG_WARN_CONSTANT_CONVERSION = YES;
				CLANG_WARN_DIRECT_OBJC_ISA_USAGE = YES_ERROR;
				CLANG_WARN_EMPTY_BODY = YES;
				CLANG_WARN_ENUM_CONVERSION = YES;
				CLANG_WARN_INT_CONVERSION = YES;
				CLANG_WARN_OBJC_ROOT_CLASS = YES_ERROR;
				CLANG_WARN_UNREACHABLE_CODE = YES;
				CLANG_WARN__DUPLICATE_METHOD_MATCH = YES;
				"CODE_SIGN_IDENTITY[sdk=iphoneos*]" = "iPhone Developer";
				COPY_PHASE_STRIP = NO;
				ENABLE_STRICT_OBJC_MSGSEND = YES;
				GCC_C_LANGUAGE_STANDARD = gnu99;
				GCC_DYNAMIC_NO_PIC = NO;
				GCC_OPTIMIZATION_LEVEL = 0;
				GCC_PREPROCESSOR_DEFINITIONS = (
					"DEBUG=1",
					"$(inherited)",
				);
				GCC_SYMBOLS_PRIVATE_EXTERN = NO;
				GCC_WARN_64_TO_32_BIT_CONVERSION = YES;
				GCC_WARN_ABOUT_RETURN_TYPE = YES_ERROR;
				GCC_WARN_UNDECLARED_SELECTOR = YES;
				GCC_WARN_UNINITIALIZED_AUTOS = YES_AGGRESSIVE;
				GCC_WARN_UNUSED_FUNCTION = YES;
				GCC_WARN_UNUSED_VARIABLE = YES;
				IPHONEOS_DEPLOYMENT_TARGET = 8.1;
				MTL_ENABLE_DEBUG_INFO = YES;
				ONLY_ACTIVE_ARCH = YES;
				SDKROOT = iphoneos;
				SWIFT_OPTIMIZATION_LEVEL = "-Onone";
			};
			name = Debug;
		};
		A058A0F91A83999E001AF804 /* Release */ = {
			isa = XCBuildConfiguration;
			buildSettings = {
				ALWAYS_SEARCH_USER_PATHS = NO;
				CLANG_CXX_LANGUAGE_STANDARD = "gnu++0x";
				CLANG_CXX_LIBRARY = "libc++";
				CLANG_ENABLE_MODULES = YES;
				CLANG_ENABLE_OBJC_ARC = YES;
				CLANG_WARN_BOOL_CONVERSION = YES;
				CLANG_WARN_CONSTANT_CONVERSION = YES;
				CLANG_WARN_DIRECT_OBJC_ISA_USAGE = YES_ERROR;
				CLANG_WARN_EMPTY_BODY = YES;
				CLANG_WARN_ENUM_CONVERSION = YES;
				CLANG_WARN_INT_CONVERSION = YES;
				CLANG_WARN_OBJC_ROOT_CLASS = YES_ERROR;
				CLANG_WARN_UNREACHABLE_CODE = YES;
				CLANG_WARN__DUPLICATE_METHOD_MATCH = YES;
				"CODE_SIGN_IDENTITY[sdk=iphoneos*]" = "iPhone Developer";
				COPY_PHASE_STRIP = YES;
				ENABLE_NS_ASSERTIONS = NO;
				ENABLE_STRICT_OBJC_MSGSEND = YES;
				GCC_C_LANGUAGE_STANDARD = gnu99;
				GCC_WARN_64_TO_32_BIT_CONVERSION = YES;
				GCC_WARN_ABOUT_RETURN_TYPE = YES_ERROR;
				GCC_WARN_UNDECLARED_SELECTOR = YES;
				GCC_WARN_UNINITIALIZED_AUTOS = YES_AGGRESSIVE;
				GCC_WARN_UNUSED_FUNCTION = YES;
				GCC_WARN_UNUSED_VARIABLE = YES;
				IPHONEOS_DEPLOYMENT_TARGET = 8.1;
				MTL_ENABLE_DEBUG_INFO = NO;
				SDKROOT = iphoneos;
				VALIDATE_PRODUCT = YES;
			};
			name = Release;
		};
		A058A0FB1A83999E001AF804 /* Debug */ = {
			isa = XCBuildConfiguration;
			buildSettings = {
				ASSETCATALOG_COMPILER_APPICON_NAME = AppIcon;
				CODE_SIGN_IDENTITY = "iPhone Developer";
				INFOPLIST_FILE = SwiftMaster/Info.plist;
				LD_RUNPATH_SEARCH_PATHS = "$(inherited) @executable_path/Frameworks";
				PRODUCT_NAME = "$(TARGET_NAME)";
			};
			name = Debug;
		};
		A058A0FC1A83999E001AF804 /* Release */ = {
			isa = XCBuildConfiguration;
			buildSettings = {
				ASSETCATALOG_COMPILER_APPICON_NAME = AppIcon;
				CODE_SIGN_IDENTITY = "iPhone Developer";
				INFOPLIST_FILE = SwiftMaster/Info.plist;
				LD_RUNPATH_SEARCH_PATHS = "$(inherited) @executable_path/Frameworks";
				PRODUCT_NAME = "$(TARGET_NAME)";
			};
			name = Release;
		};
		A058A0FE1A83999E001AF804 /* Debug */ = {
			isa = XCBuildConfiguration;
			buildSettings = {
				BUNDLE_LOADER = "$(TEST_HOST)";
				FRAMEWORK_SEARCH_PATHS = (
					"$(SDKROOT)/Developer/Library/Frameworks",
					"$(inherited)",
				);
				GCC_PREPROCESSOR_DEFINITIONS = (
					"DEBUG=1",
					"$(inherited)",
				);
				INFOPLIST_FILE = SwiftMasterTests/Info.plist;
				LD_RUNPATH_SEARCH_PATHS = "$(inherited) @executable_path/Frameworks @loader_path/Frameworks";
				PRODUCT_NAME = "$(TARGET_NAME)";
				TEST_HOST = "$(BUILT_PRODUCTS_DIR)/SwiftMaster.app/SwiftMaster";
			};
			name = Debug;
		};
		A058A0FF1A83999E001AF804 /* Release */ = {
			isa = XCBuildConfiguration;
			buildSettings = {
				BUNDLE_LOADER = "$(TEST_HOST)";
				FRAMEWORK_SEARCH_PATHS = (
					"$(SDKROOT)/Developer/Library/Frameworks",
					"$(inherited)",
				);
				INFOPLIST_FILE = SwiftMasterTests/Info.plist;
				LD_RUNPATH_SEARCH_PATHS = "$(inherited) @executable_path/Frameworks @loader_path/Frameworks";
				PRODUCT_NAME = "$(TARGET_NAME)";
				TEST_HOST = "$(BUILT_PRODUCTS_DIR)/SwiftMaster.app/SwiftMaster";
			};
			name = Release;
		};
/* End XCBuildConfiguration section */

/* Begin XCConfigurationList section */
		A058A0D61A83999D001AF804 /* Build configuration list for PBXProject "SwiftMaster" */ = {
			isa = XCConfigurationList;
			buildConfigurations = (
				A058A0F81A83999E001AF804 /* Debug */,
				A058A0F91A83999E001AF804 /* Release */,
			);
			defaultConfigurationIsVisible = 0;
			defaultConfigurationName = Release;
		};
		A058A0FA1A83999E001AF804 /* Build configuration list for PBXNativeTarget "SwiftMaster" */ = {
			isa = XCConfigurationList;
			buildConfigurations = (
				A058A0FB1A83999E001AF804 /* Debug */,
				A058A0FC1A83999E001AF804 /* Release */,
			);
			defaultConfigurationIsVisible = 0;
			defaultConfigurationName = Release;
		};
		A058A0FD1A83999E001AF804 /* Build configuration list for PBXNativeTarget "SwiftMasterTests" */ = {
			isa = XCConfigurationList;
			buildConfigurations = (
				A058A0FE1A83999E001AF804 /* Debug */,
				A058A0FF1A83999E001AF804 /* Release */,
			);
			defaultConfigurationIsVisible = 0;
			defaultConfigurationName = Release;
		};
/* End XCConfigurationList section */
	};
	rootObject = A058A0D31A83999D001AF804 /* Project object */;
}
